// !$*UTF8*$!
{
	archiveVersion = 1;
	classes = {
	};
	objectVersion = 56;
	objects = {

/* Begin PBXBuildFile section */
		88C71C354034A0CFC87CE787 /* Pods_InstagramFeedTransition.framework in Frameworks */ = {isa = PBXBuildFile; fileRef = 984E98EFF1B4E0C8E6EE7E92 /* Pods_InstagramFeedTransition.framework */; };
		AAF4CBFF2A9C97D100544595 /* AppDelegate.swift in Sources */ = {isa = PBXBuildFile; fileRef = AAF4CBFE2A9C97D100544595 /* AppDelegate.swift */; };
		AAF4CC012A9C97D100544595 /* SceneDelegate.swift in Sources */ = {isa = PBXBuildFile; fileRef = AAF4CC002A9C97D100544595 /* SceneDelegate.swift */; };
		AAF4CC032A9C97D100544595 /* ViewController.swift in Sources */ = {isa = PBXBuildFile; fileRef = AAF4CC022A9C97D100544595 /* ViewController.swift */; };
		AAF4CC062A9C97D100544595 /* Main.storyboard in Resources */ = {isa = PBXBuildFile; fileRef = AAF4CC042A9C97D100544595 /* Main.storyboard */; };
		AAF4CC082A9C97D200544595 /* Assets.xcassets in Resources */ = {isa = PBXBuildFile; fileRef = AAF4CC072A9C97D200544595 /* Assets.xcassets */; };
		AAF4CC0B2A9C97D200544595 /* LaunchScreen.storyboard in Resources */ = {isa = PBXBuildFile; fileRef = AAF4CC092A9C97D200544595 /* LaunchScreen.storyboard */; };
/* End PBXBuildFile section */

/* Begin PBXFileReference section */
		1970CBDF35CCB4C5F996F251 /* Pods-InstagramFeedTransition.release.xcconfig */ = {isa = PBXFileReference; includeInIndex = 1; lastKnownFileType = text.xcconfig; name = "Pods-InstagramFeedTransition.release.xcconfig"; path = "Target Support Files/Pods-InstagramFeedTransition/Pods-InstagramFeedTransition.release.xcconfig"; sourceTree = "<group>"; };
		984E98EFF1B4E0C8E6EE7E92 /* Pods_InstagramFeedTransition.framework */ = {isa = PBXFileReference; explicitFileType = wrapper.framework; includeInIndex = 0; path = Pods_InstagramFeedTransition.framework; sourceTree = BUILT_PRODUCTS_DIR; };
		A235E193C8E14DD883A1FF09 /* Pods-InstagramFeedTransition.debug.xcconfig */ = {isa = PBXFileReference; includeInIndex = 1; lastKnownFileType = text.xcconfig; name = "Pods-InstagramFeedTransition.debug.xcconfig"; path = "Target Support Files/Pods-InstagramFeedTransition/Pods-InstagramFeedTransition.debug.xcconfig"; sourceTree = "<group>"; };
		AAF4CBFB2A9C97D100544595 /* InstagramFeedTransition.app */ = {isa = PBXFileReference; explicitFileType = wrapper.application; includeInIndex = 0; path = InstagramFeedTransition.app; sourceTree = BUILT_PRODUCTS_DIR; };
		AAF4CBFE2A9C97D100544595 /* AppDelegate.swift */ = {isa = PBXFileReference; lastKnownFileType = sourcecode.swift; path = AppDelegate.swift; sourceTree = "<group>"; };
		AAF4CC002A9C97D100544595 /* SceneDelegate.swift */ = {isa = PBXFileReference; lastKnownFileType = sourcecode.swift; path = SceneDelegate.swift; sourceTree = "<group>"; };
		AAF4CC022A9C97D100544595 /* ViewController.swift */ = {isa = PBXFileReference; lastKnownFileType = sourcecode.swift; path = ViewController.swift; sourceTree = "<group>"; };
		AAF4CC052A9C97D100544595 /* Base */ = {isa = PBXFileReference; lastKnownFileType = file.storyboard; name = Base; path = Base.lproj/Main.storyboard; sourceTree = "<group>"; };
		AAF4CC072A9C97D200544595 /* Assets.xcassets */ = {isa = PBXFileReference; lastKnownFileType = folder.assetcatalog; path = Assets.xcassets; sourceTree = "<group>"; };
		AAF4CC0A2A9C97D200544595 /* Base */ = {isa = PBXFileReference; lastKnownFileType = file.storyboard; name = Base; path = Base.lproj/LaunchScreen.storyboard; sourceTree = "<group>"; };
		AAF4CC0C2A9C97D200544595 /* Info.plist */ = {isa = PBXFileReference; lastKnownFileType = text.plist.xml; path = Info.plist; sourceTree = "<group>"; };
/* End PBXFileReference section */

/* Begin PBXFrameworksBuildPhase section */
		AAF4CBF82A9C97D100544595 /* Frameworks */ = {
			isa = PBXFrameworksBuildPhase;
			buildActionMask = 2147483647;
			files = (
				88C71C354034A0CFC87CE787 /* Pods_InstagramFeedTransition.framework in Frameworks */,
			);
			runOnlyForDeploymentPostprocessing = 0;
		};
/* End PBXFrameworksBuildPhase section */

/* Begin PBXGroup section */
		3EE6FF3644F855CA30731625 /* Pods */ = {
			isa = PBXGroup;
			children = (
				A235E193C8E14DD883A1FF09 /* Pods-InstagramFeedTransition.debug.xcconfig */,
				1970CBDF35CCB4C5F996F251 /* Pods-InstagramFeedTransition.release.xcconfig */,
			);
			path = Pods;
			sourceTree = "<group>";
		};
		AAF4CBF22A9C97D100544595 = {
			isa = PBXGroup;
			children = (
				AAF4CBFD2A9C97D100544595 /* InstagramFeedTransition */,
				AAF4CBFC2A9C97D100544595 /* Products */,
				3EE6FF3644F855CA30731625 /* Pods */,
				AF37809A5B5139131FEC11FF /* Frameworks */,
			);
			sourceTree = "<group>";
		};
		AAF4CBFC2A9C97D100544595 /* Products */ = {
			isa = PBXGroup;
			children = (
				AAF4CBFB2A9C97D100544595 /* InstagramFeedTransition.app */,
			);
			name = Products;
			sourceTree = "<group>";
		};
		AAF4CBFD2A9C97D100544595 /* InstagramFeedTransition */ = {
			isa = PBXGroup;
			children = (
				AAF4CBFE2A9C97D100544595 /* AppDelegate.swift */,
				AAF4CC002A9C97D100544595 /* SceneDelegate.swift */,
				AAF4CC022A9C97D100544595 /* ViewController.swift */,
				AAF4CC042A9C97D100544595 /* Main.storyboard */,
				AAF4CC072A9C97D200544595 /* Assets.xcassets */,
				AAF4CC092A9C97D200544595 /* LaunchScreen.storyboard */,
				AAF4CC0C2A9C97D200544595 /* Info.plist */,
			);
			path = InstagramFeedTransition;
			sourceTree = "<group>";
		};
		AF37809A5B5139131FEC11FF /* Frameworks */ = {
			isa = PBXGroup;
			children = (
				984E98EFF1B4E0C8E6EE7E92 /* Pods_InstagramFeedTransition.framework */,
			);
			name = Frameworks;
			sourceTree = "<group>";
		};
/* End PBXGroup section */

/* Begin PBXNativeTarget section */
		AAF4CBFA2A9C97D100544595 /* InstagramFeedTransition */ = {
			isa = PBXNativeTarget;
			buildConfigurationList = AAF4CC0F2A9C97D200544595 /* Build configuration list for PBXNativeTarget "InstagramFeedTransition" */;
			buildPhases = (
				FF2E8CBAF2B4C9CDC2A8EFD0 /* [CP] Check Pods Manifest.lock */,
				AAF4CBF72A9C97D100544595 /* Sources */,
				AAF4CBF82A9C97D100544595 /* Frameworks */,
				AAF4CBF92A9C97D100544595 /* Resources */,
			);
			buildRules = (
			);
			dependencies = (
			);
			name = InstagramFeedTransition;
			productName = InstagramFeedTransition;
			productReference = AAF4CBFB2A9C97D100544595 /* InstagramFeedTransition.app */;
			productType = "com.apple.product-type.application";
		};
/* End PBXNativeTarget section */

/* Begin PBXProject section */
		AAF4CBF32A9C97D100544595 /* Project object */ = {
			isa = PBXProject;
			attributes = {
				BuildIndependentTargetsInParallel = 1;
				LastSwiftUpdateCheck = 1430;
				LastUpgradeCheck = 1430;
				TargetAttributes = {
					AAF4CBFA2A9C97D100544595 = {
						CreatedOnToolsVersion = 14.3.1;
					};
				};
			};
			buildConfigurationList = AAF4CBF62A9C97D100544595 /* Build configuration list for PBXProject "InstagramFeedTransition" */;
			compatibilityVersion = "Xcode 14.0";
			developmentRegion = en;
			hasScannedForEncodings = 0;
			knownRegions = (
				en,
				Base,
			);
			mainGroup = AAF4CBF22A9C97D100544595;
			productRefGroup = AAF4CBFC2A9C97D100544595 /* Products */;
			projectDirPath = "";
			projectRoot = "";
			targets = (
				AAF4CBFA2A9C97D100544595 /* InstagramFeedTransition */,
			);
		};
/* End PBXProject section */

/* Begin PBXResourcesBuildPhase section */
		AAF4CBF92A9C97D100544595 /* Resources */ = {
			isa = PBXResourcesBuildPhase;
			buildActionMask = 2147483647;
			files = (
				AAF4CC0B2A9C97D200544595 /* LaunchScreen.storyboard in Resources */,
				AAF4CC082A9C97D200544595 /* Assets.xcassets in Resources */,
				AAF4CC062A9C97D100544595 /* Main.storyboard in Resources */,
			);
			runOnlyForDeploymentPostprocessing = 0;
		};
/* End PBXResourcesBuildPhase section */

/* Begin PBXShellScriptBuildPhase section */
		FF2E8CBAF2B4C9CDC2A8EFD0 /* [CP] Check Pods Manifest.lock */ = {
			isa = PBXShellScriptBuildPhase;
			buildActionMask = 2147483647;
			files = (
			);
			inputFileListPaths = (
			);
			inputPaths = (
				"${PODS_PODFILE_DIR_PATH}/Podfile.lock",
				"${PODS_ROOT}/Manifest.lock",
			);
			name = "[CP] Check Pods Manifest.lock";
			outputFileListPaths = (
			);
			outputPaths = (
				"$(DERIVED_FILE_DIR)/Pods-InstagramFeedTransition-checkManifestLockResult.txt",
			);
			runOnlyForDeploymentPostprocessing = 0;
			shellPath = /bin/sh;
			shellScript = "diff \"${PODS_PODFILE_DIR_PATH}/Podfile.lock\" \"${PODS_ROOT}/Manifest.lock\" > /dev/null\nif [ $? != 0 ] ; then\n    # print error to STDERR\n    echo \"error: The sandbox is not in sync with the Podfile.lock. Run 'pod install' or update your CocoaPods installation.\" >&2\n    exit 1\nfi\n# This output is used by Xcode 'outputs' to avoid re-running this script phase.\necho \"SUCCESS\" > \"${SCRIPT_OUTPUT_FILE_0}\"\n";
			showEnvVarsInLog = 0;
		};
/* End PBXShellScriptBuildPhase section */

/* Begin PBXSourcesBuildPhase section */
		AAF4CBF72A9C97D100544595 /* Sources */ = {
			isa = PBXSourcesBuildPhase;
			buildActionMask = 2147483647;
			files = (
				AAF4CC032A9C97D100544595 /* ViewController.swift in Sources */,
				AAF4CBFF2A9C97D100544595 /* AppDelegate.swift in Sources */,
				AAF4CC012A9C97D100544595 /* SceneDelegate.swift in Sources */,
			);
			runOnlyForDeploymentPostprocessing = 0;
		};
/* End PBXSourcesBuildPhase section */

/* Begin PBXVariantGroup section */
		AAF4CC042A9C97D100544595 /* Main.storyboard */ = {
			isa = PBXVariantGroup;
			children = (
				AAF4CC052A9C97D100544595 /* Base */,
			);
			name = Main.storyboard;
			sourceTree = "<group>";
		};
		AAF4CC092A9C97D200544595 /* LaunchScreen.storyboard */ = {
			isa = PBXVariantGroup;
			children = (
				AAF4CC0A2A9C97D200544595 /* Base */,
			);
			name = LaunchScreen.storyboard;
			sourceTree = "<group>";
		};
/* End PBXVariantGroup section */

/* Begin XCBuildConfiguration section */
		AAF4CC0D2A9C97D200544595 /* Debug */ = {
			isa = XCBuildConfiguration;
			buildSettings = {
				ALWAYS_SEARCH_USER_PATHS = NO;
				CLANG_ANALYZER_NONNULL = YES;
				CLANG_ANALYZER_NUMBER_OBJECT_CONVERSION = YES_AGGRESSIVE;
				CLANG_CXX_LANGUAGE_STANDARD = "gnu++20";
				CLANG_ENABLE_MODULES = YES;
				CLANG_ENABLE_OBJC_ARC = YES;
				CLANG_ENABLE_OBJC_WEAK = YES;
				CLANG_WARN_BLOCK_CAPTURE_AUTORELEASING = YES;
				CLANG_WARN_BOOL_CONVERSION = YES;
				CLANG_WARN_COMMA = YES;
				CLANG_WARN_CONSTANT_CONVERSION = YES;
				CLANG_WARN_DEPRECATED_OBJC_IMPLEMENTATIONS = YES;
				CLANG_WARN_DIRECT_OBJC_ISA_USAGE = YES_ERROR;
				CLANG_WARN_DOCUMENTATION_COMMENTS = YES;
				CLANG_WARN_EMPTY_BODY = YES;
				CLANG_WARN_ENUM_CONVERSION = YES;
				CLANG_WARN_INFINITE_RECURSION = YES;
				CLANG_WARN_INT_CONVERSION = YES;
				CLANG_WARN_NON_LITERAL_NULL_CONVERSION = YES;
				CLANG_WARN_OBJC_IMPLICIT_RETAIN_SELF = YES;
				CLANG_WARN_OBJC_LITERAL_CONVERSION = YES;
				CLANG_WARN_OBJC_ROOT_CLASS = YES_ERROR;
				CLANG_WARN_QUOTED_INCLUDE_IN_FRAMEWORK_HEADER = YES;
				CLANG_WARN_RANGE_LOOP_ANALYSIS = YES;
				CLANG_WARN_STRICT_PROTOTYPES = YES;
				CLANG_WARN_SUSPICIOUS_MOVE = YES;
				CLANG_WARN_UNGUARDED_AVAILABILITY = YES_AGGRESSIVE;
				CLANG_WARN_UNREACHABLE_CODE = YES;
				CLANG_WARN__DUPLICATE_METHOD_MATCH = YES;
				COPY_PHASE_STRIP = NO;
				DEBUG_INFORMATION_FORMAT = dwarf;
				ENABLE_STRICT_OBJC_MSGSEND = YES;
				ENABLE_TESTABILITY = YES;
				GCC_C_LANGUAGE_STANDARD = gnu11;
				GCC_DYNAMIC_NO_PIC = NO;
				GCC_NO_COMMON_BLOCKS = YES;
				GCC_OPTIMIZATION_LEVEL = 0;
				GCC_PREPROCESSOR_DEFINITIONS = (
					"DEBUG=1",
					"$(inherited)",
				);
				GCC_WARN_64_TO_32_BIT_CONVERSION = YES;
				GCC_WARN_ABOUT_RETURN_TYPE = YES_ERROR;
				GCC_WARN_UNDECLARED_SELECTOR = YES;
				GCC_WARN_UNINITIALIZED_AUTOS = YES_AGGRESSIVE;
				GCC_WARN_UNUSED_FUNCTION = YES;
				GCC_WARN_UNUSED_VARIABLE = YES;
				IPHONEOS_DEPLOYMENT_TARGET = 16.4;
				MTL_ENABLE_DEBUG_INFO = INCLUDE_SOURCE;
				MTL_FAST_MATH = YES;
				ONLY_ACTIVE_ARCH = YES;
				SDKROOT = iphoneos;
				SWIFT_ACTIVE_COMPILATION_CONDITIONS = DEBUG;
				SWIFT_OPTIMIZATION_LEVEL = "-Onone";
			};
			name = Debug;
		};
		AAF4CC0E2A9C97D200544595 /* Release */ = {
			isa = XCBuildConfiguration;
			buildSettings = {
				ALWAYS_SEARCH_USER_PATHS = NO;
				CLANG_ANALYZER_NONNULL = YES;
				CLANG_ANALYZER_NUMBER_OBJECT_CONVERSION = YES_AGGRESSIVE;
				CLANG_CXX_LANGUAGE_STANDARD = "gnu++20";
				CLANG_ENABLE_MODULES = YES;
				CLANG_ENABLE_OBJC_ARC = YES;
				CLANG_ENABLE_OBJC_WEAK = YES;
				CLANG_WARN_BLOCK_CAPTURE_AUTORELEASING = YES;
				CLANG_WARN_BOOL_CONVERSION = YES;
				CLANG_WARN_COMMA = YES;
				CLANG_WARN_CONSTANT_CONVERSION = YES;
				CLANG_WARN_DEPRECATED_OBJC_IMPLEMENTATIONS = YES;
				CLANG_WARN_DIRECT_OBJC_ISA_USAGE = YES_ERROR;
				CLANG_WARN_DOCUMENTATION_COMMENTS = YES;
				CLANG_WARN_EMPTY_BODY = YES;
				CLANG_WARN_ENUM_CONVERSION = YES;
				CLANG_WARN_INFINITE_RECURSION = YES;
				CLANG_WARN_INT_CONVERSION = YES;
				CLANG_WARN_NON_LITERAL_NULL_CONVERSION = YES;
				CLANG_WARN_OBJC_IMPLICIT_RETAIN_SELF = YES;
				CLANG_WARN_OBJC_LITERAL_CONVERSION = YES;
				CLANG_WARN_OBJC_ROOT_CLASS = YES_ERROR;
				CLANG_WARN_QUOTED_INCLUDE_IN_FRAMEWORK_HEADER = YES;
				CLANG_WARN_RANGE_LOOP_ANALYSIS = YES;
				CLANG_WARN_STRICT_PROTOTYPES = YES;
				CLANG_WARN_SUSPICIOUS_MOVE = YES;
				CLANG_WARN_UNGUARDED_AVAILABILITY = YES_AGGRESSIVE;
				CLANG_WARN_UNREACHABLE_CODE = YES;
				CLANG_WARN__DUPLICATE_METHOD_MATCH = YES;
				COPY_PHASE_STRIP = NO;
				DEBUG_INFORMATION_FORMAT = "dwarf-with-dsym";
				ENABLE_NS_ASSERTIONS = NO;
				ENABLE_STRICT_OBJC_MSGSEND = YES;
				GCC_C_LANGUAGE_STANDARD = gnu11;
				GCC_NO_COMMON_BLOCKS = YES;
				GCC_WARN_64_TO_32_BIT_CONVERSION = YES;
				GCC_WARN_ABOUT_RETURN_TYPE = YES_ERROR;
				GCC_WARN_UNDECLARED_SELECTOR = YES;
				GCC_WARN_UNINITIALIZED_AUTOS = YES_AGGRESSIVE;
				GCC_WARN_UNUSED_FUNCTION = YES;
				GCC_WARN_UNUSED_VARIABLE = YES;
				IPHONEOS_DEPLOYMENT_TARGET = 16.4;
				MTL_ENABLE_DEBUG_INFO = NO;
				MTL_FAST_MATH = YES;
				SDKROOT = iphoneos;
				SWIFT_COMPILATION_MODE = wholemodule;
				SWIFT_OPTIMIZATION_LEVEL = "-O";
				VALIDATE_PRODUCT = YES;
			};
			name = Release;
		};
		AAF4CC102A9C97D200544595 /* Debug */ = {
			isa = XCBuildConfiguration;
			baseConfigurationReference = A235E193C8E14DD883A1FF09 /* Pods-InstagramFeedTransition.debug.xcconfig */;
			buildSettings = {
				ASSETCATALOG_COMPILER_APPICON_NAME = AppIcon;
				ASSETCATALOG_COMPILER_GLOBAL_ACCENT_COLOR_NAME = AccentColor;
				CODE_SIGN_STYLE = Automatic;
				CURRENT_PROJECT_VERSION = 1;
				DEVELOPMENT_TEAM = 86SUVAPQR4;
				GENERATE_INFOPLIST_FILE = YES;
				INFOPLIST_FILE = InstagramFeedTransition/Info.plist;
				INFOPLIST_KEY_UIApplicationSupportsIndirectInputEvents = YES;
				INFOPLIST_KEY_UILaunchStoryboardName = LaunchScreen;
				INFOPLIST_KEY_UIMainStoryboardFile = Main;
				INFOPLIST_KEY_UISupportedInterfaceOrientations_iPad = "UIInterfaceOrientationPortrait UIInterfaceOrientationPortraitUpsideDown UIInterfaceOrientationLandscapeLeft UIInterfaceOrientationLandscapeRight";
				INFOPLIST_KEY_UISupportedInterfaceOrientations_iPhone = "UIInterfaceOrientationPortrait UIInterfaceOrientationLandscapeLeft UIInterfaceOrientationLandscapeRight";
				LD_RUNPATH_SEARCH_PATHS = (
					"$(inherited)",
					"@executable_path/Frameworks",
				);
				MARKETING_VERSION = 1.0;
				PRODUCT_BUNDLE_IDENTIFIER = com.Schemalism.InstagramFeedTransition;
				PRODUCT_NAME = "$(TARGET_NAME)";
				SWIFT_EMIT_LOC_STRINGS = YES;
				SWIFT_VERSION = 5.0;
				TARGETED_DEVICE_FAMILY = "1,2";
			};
			name = Debug;
		};
		AAF4CC112A9C97D200544595 /* Release */ = {
			isa = XCBuildConfiguration;
			baseConfigurationReference = 1970CBDF35CCB4C5F996F251 /* Pods-InstagramFeedTransition.release.xcconfig */;
			buildSettings = {
				ASSETCATALOG_COMPILER_APPICON_NAME = AppIcon;
				ASSETCATALOG_COMPILER_GLOBAL_ACCENT_COLOR_NAME = AccentColor;
				CODE_SIGN_STYLE = Automatic;
				CURRENT_PROJECT_VERSION = 1;
				DEVELOPMENT_TEAM = 86SUVAPQR4;
				GENERATE_INFOPLIST_FILE = YES;
				INFOPLIST_FILE = InstagramFeedTransition/Info.plist;
				INFOPLIST_KEY_UIApplicationSupportsIndirectInputEvents = YES;
				INFOPLIST_KEY_UILaunchStoryboardName = LaunchScreen;
				INFOPLIST_KEY_UIMainStoryboardFile = Main;
				INFOPLIST_KEY_UISupportedInterfaceOrientations_iPad = "UIInterfaceOrientationPortrait UIInterfaceOrientationPortraitUpsideDown UIInterfaceOrientationLandscapeLeft UIInterfaceOrientationLandscapeRight";
				INFOPLIST_KEY_UISupportedInterfaceOrientations_iPhone = "UIInterfaceOrientationPortrait UIInterfaceOrientationLandscapeLeft UIInterfaceOrientationLandscapeRight";
				LD_RUNPATH_SEARCH_PATHS = (
					"$(inherited)",
					"@executable_path/Frameworks",
				);
				MARKETING_VERSION = 1.0;
				PRODUCT_BUNDLE_IDENTIFIER = com.Schemalism.InstagramFeedTransition;
				PRODUCT_NAME = "$(TARGET_NAME)";
				SWIFT_EMIT_LOC_STRINGS = YES;
				SWIFT_VERSION = 5.0;
				TARGETED_DEVICE_FAMILY = "1,2";
			};
			name = Release;
		};
/* End XCBuildConfiguration section */

/* Begin XCConfigurationList section */
		AAF4CBF62A9C97D100544595 /* Build configuration list for PBXProject "InstagramFeedTransition" */ = {
			isa = XCConfigurationList;
			buildConfigurations = (
				AAF4CC0D2A9C97D200544595 /* Debug */,
				AAF4CC0E2A9C97D200544595 /* Release */,
			);
			defaultConfigurationIsVisible = 0;
			defaultConfigurationName = Release;
		};
		AAF4CC0F2A9C97D200544595 /* Build configuration list for PBXNativeTarget "InstagramFeedTransition" */ = {
			isa = XCConfigurationList;
			buildConfigurations = (
				AAF4CC102A9C97D200544595 /* Debug */,
				AAF4CC112A9C97D200544595 /* Release */,
			);
			defaultConfigurationIsVisible = 0;
			defaultConfigurationName = Release;
		};
/* End XCConfigurationList section */
	};
	rootObject = AAF4CBF32A9C97D100544595 /* Project object */;
}
